
Microsoft Visual Studio Solution File, Format Version 12.00
# Visual Studio Version 17
VisualStudioVersion = 17.11.35208.52
MinimumVisualStudioVersion = 10.0.40219.1
Project("{9A19103F-16F7-4668-BE54-9A1E7A4F7556}") = "WaterServices_WebApp", "WaterServices_WebApp\WaterServices_WebApp.csproj", "{EF83339B-8D73-4AA5-8186-87F4FBA5DDEB}"
EndProject
Project("{9A19103F-16F7-4668-BE54-9A1E7A4F7556}") = "WaterServices_MauiApp", "WaterServices_MauiApp\WaterServices_MauiApp.csproj", "{2D5B5476-D6C9-4920-B58E-76C5FE285F9A}"
EndProject
Global
	GlobalSection(SolutionConfigurationPlatforms) = preSolution
		Debug|Any CPU = Debug|Any CPU
		Release|Any CPU = Release|Any CPU
	EndGlobalSection
	GlobalSection(ProjectConfigurationPlatforms) = postSolution
		{EF83339B-8D73-4AA5-8186-87F4FBA5DDEB}.Debug|Any CPU.ActiveCfg = Debug|Any CPU
		{EF83339B-8D73-4AA5-8186-87F4FBA5DDEB}.Debug|Any CPU.Build.0 = Debug|Any CPU
		{EF83339B-8D73-4AA5-8186-87F4FBA5DDEB}.Release|Any CPU.ActiveCfg = Release|Any CPU
		{EF83339B-8D73-4AA5-8186-87F4FBA5DDEB}.Release|Any CPU.Build.0 = Release|Any CPU
		{2D5B5476-D6C9-4920-B58E-76C5FE285F9A}.Debug|Any CPU.ActiveCfg = Debug|Any CPU
		{2D5B5476-D6C9-4920-B58E-76C5FE285F9A}.Debug|Any CPU.Build.0 = Debug|Any CPU
		{2D5B5476-D6C9-4920-B58E-76C5FE285F9A}.Debug|Any CPU.Deploy.0 = Debug|Any CPU
		{2D5B5476-D6C9-4920-B58E-76C5FE285F9A}.Release|Any CPU.ActiveCfg = Release|Any CPU
		{2D5B5476-D6C9-4920-B58E-76C5FE285F9A}.Release|Any CPU.Build.0 = Release|Any CPU
		{2D5B5476-D6C9-4920-B58E-76C5FE285F9A}.Release|Any CPU.Deploy.0 = Release|Any CPU
	EndGlobalSection
	GlobalSection(SolutionProperties) = preSolution
		HideSolutionNode = FALSE
	EndGlobalSection
	GlobalSection(ExtensibilityGlobals) = postSolution
		SolutionGuid = {76D4CD11-75CD-44D9-B522-8FBE63BC9623}
	EndGlobalSection
EndGlobal
